// !$*UTF8*$!
{
	archiveVersion = 1;
	classes = {
	};
	objectVersion = 56;
	objects = {

/* Begin PBXBuildFile section */
		1F93F3272BBAF74B00D76596 /* RealityKitContent in Frameworks */ = {isa = PBXBuildFile; productRef = 1F93F3262BBAF74B00D76596 /* RealityKitContent */; };
		1F93F3292BBAF74B00D76596 /* MyFirstECSApp.swift in Sources */ = {isa = PBXBuildFile; fileRef = 1F93F3282BBAF74B00D76596 /* MyFirstECSApp.swift */; };
		1F93F32B2BBAF74B00D76596 /* ContentView.swift in Sources */ = {isa = PBXBuildFile; fileRef = 1F93F32A2BBAF74B00D76596 /* ContentView.swift */; };
		1F93F32D2BBAF74D00D76596 /* Assets.xcassets in Resources */ = {isa = PBXBuildFile; fileRef = 1F93F32C2BBAF74D00D76596 /* Assets.xcassets */; };
		1F93F3302BBAF74D00D76596 /* Preview Assets.xcassets in Resources */ = {isa = PBXBuildFile; fileRef = 1F93F32F2BBAF74D00D76596 /* Preview Assets.xcassets */; };
		1F93F33B2BBAF74D00D76596 /* MyFirstECSTests.swift in Sources */ = {isa = PBXBuildFile; fileRef = 1F93F33A2BBAF74D00D76596 /* MyFirstECSTests.swift */; };
		1FCDF8212BBB1BFD008D4E0A /* Sunlight.skybox in Resources */ = {isa = PBXBuildFile; fileRef = 1FCDF81E2BBB1BFD008D4E0A /* Sunlight.skybox */; };
		1FCDF8232BBB1D52008D4E0A /* Entity+Sunlight.swift in Sources */ = {isa = PBXBuildFile; fileRef = 1FCDF8222BBB1D52008D4E0A /* Entity+Sunlight.swift */; };
/* End PBXBuildFile section */

/* Begin PBXContainerItemProxy section */
		1F93F3372BBAF74D00D76596 /* PBXContainerItemProxy */ = {
			isa = PBXContainerItemProxy;
			containerPortal = 1F93F3192BBAF74B00D76596 /* Project object */;
			proxyType = 1;
			remoteGlobalIDString = 1F93F3202BBAF74B00D76596;
			remoteInfo = MyFirstECS;
		};
/* End PBXContainerItemProxy section */

/* Begin PBXFileReference section */
		1F93F3212BBAF74B00D76596 /* MyFirstECS.app */ = {isa = PBXFileReference; explicitFileType = wrapper.application; includeInIndex = 0; path = MyFirstECS.app; sourceTree = BUILT_PRODUCTS_DIR; };
		1F93F3252BBAF74B00D76596 /* RealityKitContent */ = {isa = PBXFileReference; lastKnownFileType = wrapper; path = RealityKitContent; sourceTree = "<group>"; };
		1F93F3282BBAF74B00D76596 /* MyFirstECSApp.swift */ = {isa = PBXFileReference; lastKnownFileType = sourcecode.swift; path = MyFirstECSApp.swift; sourceTree = "<group>"; };
		1F93F32A2BBAF74B00D76596 /* ContentView.swift */ = {isa = PBXFileReference; lastKnownFileType = sourcecode.swift; path = ContentView.swift; sourceTree = "<group>"; };
		1F93F32C2BBAF74D00D76596 /* Assets.xcassets */ = {isa = PBXFileReference; lastKnownFileType = folder.assetcatalog; path = Assets.xcassets; sourceTree = "<group>"; };
		1F93F32F2BBAF74D00D76596 /* Preview Assets.xcassets */ = {isa = PBXFileReference; lastKnownFileType = folder.assetcatalog; path = "Preview Assets.xcassets"; sourceTree = "<group>"; };
		1F93F3312BBAF74D00D76596 /* Info.plist */ = {isa = PBXFileReference; lastKnownFileType = text.plist.xml; path = Info.plist; sourceTree = "<group>"; };
		1F93F3362BBAF74D00D76596 /* MyFirstECSTests.xctest */ = {isa = PBXFileReference; explicitFileType = wrapper.cfbundle; includeInIndex = 0; path = MyFirstECSTests.xctest; sourceTree = BUILT_PRODUCTS_DIR; };
		1F93F33A2BBAF74D00D76596 /* MyFirstECSTests.swift */ = {isa = PBXFileReference; lastKnownFileType = sourcecode.swift; path = MyFirstECSTests.swift; sourceTree = "<group>"; };
		1FCDF81E2BBB1BFD008D4E0A /* Sunlight.skybox */ = {isa = PBXFileReference; lastKnownFileType = file.skybox; path = Sunlight.skybox; sourceTree = "<group>"; };
		1FCDF8222BBB1D52008D4E0A /* Entity+Sunlight.swift */ = {isa = PBXFileReference; fileEncoding = 4; lastKnownFileType = sourcecode.swift; path = "Entity+Sunlight.swift"; sourceTree = "<group>"; };
/* End PBXFileReference section */

/* Begin PBXFrameworksBuildPhase section */
		1F93F31E2BBAF74B00D76596 /* Frameworks */ = {
			isa = PBXFrameworksBuildPhase;
			buildActionMask = 2147483647;
			files = (
				1F93F3272BBAF74B00D76596 /* RealityKitContent in Frameworks */,
			);
			runOnlyForDeploymentPostprocessing = 0;
		};
		1F93F3332BBAF74D00D76596 /* Frameworks */ = {
			isa = PBXFrameworksBuildPhase;
			buildActionMask = 2147483647;
			files = (
			);
			runOnlyForDeploymentPostprocessing = 0;
		};
/* End PBXFrameworksBuildPhase section */

/* Begin PBXGroup section */
		1F93F3182BBAF74B00D76596 = {
			isa = PBXGroup;
			children = (
				1F93F3232BBAF74B00D76596 /* MyFirstECS */,
				1FCDF81F2BBB1BFD008D4E0A /* Resources */,
				1F93F3242BBAF74B00D76596 /* Packages */,
				1F93F3392BBAF74D00D76596 /* MyFirstECSTests */,
				1F93F3222BBAF74B00D76596 /* Products */,
			);
			sourceTree = "<group>";
		};
		1F93F3222BBAF74B00D76596 /* Products */ = {
			isa = PBXGroup;
			children = (
				1F93F3212BBAF74B00D76596 /* MyFirstECS.app */,
				1F93F3362BBAF74D00D76596 /* MyFirstECSTests.xctest */,
			);
			name = Products;
			sourceTree = "<group>";
		};
		1F93F3232BBAF74B00D76596 /* MyFirstECS */ = {
			isa = PBXGroup;
			children = (
				1F93F3282BBAF74B00D76596 /* MyFirstECSApp.swift */,
				1F93F32A2BBAF74B00D76596 /* ContentView.swift */,
				1F93F32C2BBAF74D00D76596 /* Assets.xcassets */,
				1FCDF8222BBB1D52008D4E0A /* Entity+Sunlight.swift */,
				1F93F3312BBAF74D00D76596 /* Info.plist */,
				1F93F32E2BBAF74D00D76596 /* Preview Content */,
			);
			path = MyFirstECS;
			sourceTree = "<group>";
		};
		1F93F3242BBAF74B00D76596 /* Packages */ = {
			isa = PBXGroup;
			children = (
				1F93F3252BBAF74B00D76596 /* RealityKitContent */,
			);
			path = Packages;
			sourceTree = "<group>";
		};
		1F93F32E2BBAF74D00D76596 /* Preview Content */ = {
			isa = PBXGroup;
			children = (
				1F93F32F2BBAF74D00D76596 /* Preview Assets.xcassets */,
			);
			path = "Preview Content";
			sourceTree = "<group>";
		};
		1F93F3392BBAF74D00D76596 /* MyFirstECSTests */ = {
			isa = PBXGroup;
			children = (
				1F93F33A2BBAF74D00D76596 /* MyFirstECSTests.swift */,
			);
			path = MyFirstECSTests;
			sourceTree = "<group>";
		};
		1FCDF81F2BBB1BFD008D4E0A /* Resources */ = {
			isa = PBXGroup;
			children = (
				1FCDF81E2BBB1BFD008D4E0A /* Sunlight.skybox */,
			);
			path = Resources;
			sourceTree = "<group>";
		};
/* End PBXGroup section */

/* Begin PBXNativeTarget section */
		1F93F3202BBAF74B00D76596 /* MyFirstECS */ = {
			isa = PBXNativeTarget;
			buildConfigurationList = 1F93F33E2BBAF74D00D76596 /* Build configuration list for PBXNativeTarget "MyFirstECS" */;
			buildPhases = (
				1F93F31D2BBAF74B00D76596 /* Sources */,
				1F93F31E2BBAF74B00D76596 /* Frameworks */,
				1F93F31F2BBAF74B00D76596 /* Resources */,
			);
			buildRules = (
			);
			dependencies = (
			);
			name = MyFirstECS;
			packageProductDependencies = (
				1F93F3262BBAF74B00D76596 /* RealityKitContent */,
			);
			productName = MyFirstECS;
			productReference = 1F93F3212BBAF74B00D76596 /* MyFirstECS.app */;
			productType = "com.apple.product-type.application";
		};
		1F93F3352BBAF74D00D76596 /* MyFirstECSTests */ = {
			isa = PBXNativeTarget;
			buildConfigurationList = 1F93F3412BBAF74D00D76596 /* Build configuration list for PBXNativeTarget "MyFirstECSTests" */;
			buildPhases = (
				1F93F3322BBAF74D00D76596 /* Sources */,
				1F93F3332BBAF74D00D76596 /* Frameworks */,
				1F93F3342BBAF74D00D76596 /* Resources */,
			);
			buildRules = (
			);
			dependencies = (
				1F93F3382BBAF74D00D76596 /* PBXTargetDependency */,
			);
			name = MyFirstECSTests;
			productName = MyFirstECSTests;
			productReference = 1F93F3362BBAF74D00D76596 /* MyFirstECSTests.xctest */;
			productType = "com.apple.product-type.bundle.unit-test";
		};
/* End PBXNativeTarget section */

/* Begin PBXProject section */
		1F93F3192BBAF74B00D76596 /* Project object */ = {
			isa = PBXProject;
			attributes = {
				BuildIndependentTargetsInParallel = 1;
				LastSwiftUpdateCheck = 1530;
				LastUpgradeCheck = 1530;
				TargetAttributes = {
					1F93F3202BBAF74B00D76596 = {
						CreatedOnToolsVersion = 15.3;
					};
					1F93F3352BBAF74D00D76596 = {
						CreatedOnToolsVersion = 15.3;
						TestTargetID = 1F93F3202BBAF74B00D76596;
					};
				};
			};
			buildConfigurationList = 1F93F31C2BBAF74B00D76596 /* Build configuration list for PBXProject "MyFirstECS" */;
			compatibilityVersion = "Xcode 14.0";
			developmentRegion = en;
			hasScannedForEncodings = 0;
			knownRegions = (
				en,
				Base,
			);
			mainGroup = 1F93F3182BBAF74B00D76596;
			productRefGroup = 1F93F3222BBAF74B00D76596 /* Products */;
			projectDirPath = "";
			projectRoot = "";
			targets = (
				1F93F3202BBAF74B00D76596 /* MyFirstECS */,
				1F93F3352BBAF74D00D76596 /* MyFirstECSTests */,
			);
		};
/* End PBXProject section */

/* Begin PBXResourcesBuildPhase section */
		1F93F31F2BBAF74B00D76596 /* Resources */ = {
			isa = PBXResourcesBuildPhase;
			buildActionMask = 2147483647;
			files = (
				1F93F3302BBAF74D00D76596 /* Preview Assets.xcassets in Resources */,
				1F93F32D2BBAF74D00D76596 /* Assets.xcassets in Resources */,
				1FCDF8212BBB1BFD008D4E0A /* Sunlight.skybox in Resources */,
			);
			runOnlyForDeploymentPostprocessing = 0;
		};
		1F93F3342BBAF74D00D76596 /* Resources */ = {
			isa = PBXResourcesBuildPhase;
			buildActionMask = 2147483647;
			files = (
			);
			runOnlyForDeploymentPostprocessing = 0;
		};
/* End PBXResourcesBuildPhase section */

/* Begin PBXSourcesBuildPhase section */
		1F93F31D2BBAF74B00D76596 /* Sources */ = {
			isa = PBXSourcesBuildPhase;
			buildActionMask = 2147483647;
			files = (
				1FCDF8232BBB1D52008D4E0A /* Entity+Sunlight.swift in Sources */,
				1F93F32B2BBAF74B00D76596 /* ContentView.swift in Sources */,
				1F93F3292BBAF74B00D76596 /* MyFirstECSApp.swift in Sources */,
			);
			runOnlyForDeploymentPostprocessing = 0;
		};
		1F93F3322BBAF74D00D76596 /* Sources */ = {
			isa = PBXSourcesBuildPhase;
			buildActionMask = 2147483647;
			files = (
				1F93F33B2BBAF74D00D76596 /* MyFirstECSTests.swift in Sources */,
			);
			runOnlyForDeploymentPostprocessing = 0;
		};
/* End PBXSourcesBuildPhase section */

/* Begin PBXTargetDependency section */
		1F93F3382BBAF74D00D76596 /* PBXTargetDependency */ = {
			isa = PBXTargetDependency;
			target = 1F93F3202BBAF74B00D76596 /* MyFirstECS */;
			targetProxy = 1F93F3372BBAF74D00D76596 /* PBXContainerItemProxy */;
		};
/* End PBXTargetDependency section */

/* Begin XCBuildConfiguration section */
		1F93F33C2BBAF74D00D76596 /* Debug */ = {
			isa = XCBuildConfiguration;
			buildSettings = {
				ALWAYS_SEARCH_USER_PATHS = NO;
				ASSETCATALOG_COMPILER_GENERATE_SWIFT_ASSET_SYMBOL_EXTENSIONS = YES;
				CLANG_ANALYZER_NONNULL = YES;
				CLANG_ANALYZER_NUMBER_OBJECT_CONVERSION = YES_AGGRESSIVE;
				CLANG_CXX_LANGUAGE_STANDARD = "gnu++20";
				CLANG_ENABLE_MODULES = YES;
				CLANG_ENABLE_OBJC_ARC = YES;
				CLANG_ENABLE_OBJC_WEAK = YES;
				CLANG_WARN_BLOCK_CAPTURE_AUTORELEASING = YES;
				CLANG_WARN_BOOL_CONVERSION = YES;
				CLANG_WARN_COMMA = YES;
				CLANG_WARN_CONSTANT_CONVERSION = YES;
				CLANG_WARN_DEPRECATED_OBJC_IMPLEMENTATIONS = YES;
				CLANG_WARN_DIRECT_OBJC_ISA_USAGE = YES_ERROR;
				CLANG_WARN_DOCUMENTATION_COMMENTS = YES;
				CLANG_WARN_EMPTY_BODY = YES;
				CLANG_WARN_ENUM_CONVERSION = YES;
				CLANG_WARN_INFINITE_RECURSION = YES;
				CLANG_WARN_INT_CONVERSION = YES;
				CLANG_WARN_NON_LITERAL_NULL_CONVERSION = YES;
				CLANG_WARN_OBJC_IMPLICIT_RETAIN_SELF = YES;
				CLANG_WARN_OBJC_LITERAL_CONVERSION = YES;
				CLANG_WARN_OBJC_ROOT_CLASS = YES_ERROR;
				CLANG_WARN_QUOTED_INCLUDE_IN_FRAMEWORK_HEADER = YES;
				CLANG_WARN_RANGE_LOOP_ANALYSIS = YES;
				CLANG_WARN_STRICT_PROTOTYPES = YES;
				CLANG_WARN_SUSPICIOUS_MOVE = YES;
				CLANG_WARN_UNGUARDED_AVAILABILITY = YES_AGGRESSIVE;
				CLANG_WARN_UNREACHABLE_CODE = YES;
				CLANG_WARN__DUPLICATE_METHOD_MATCH = YES;
				COPY_PHASE_STRIP = NO;
				DEBUG_INFORMATION_FORMAT = dwarf;
				ENABLE_STRICT_OBJC_MSGSEND = YES;
				ENABLE_TESTABILITY = YES;
				ENABLE_USER_SCRIPT_SANDBOXING = YES;
				GCC_C_LANGUAGE_STANDARD = gnu17;
				GCC_DYNAMIC_NO_PIC = NO;
				GCC_NO_COMMON_BLOCKS = YES;
				GCC_OPTIMIZATION_LEVEL = 0;
				GCC_PREPROCESSOR_DEFINITIONS = (
					"DEBUG=1",
					"$(inherited)",
				);
				GCC_WARN_64_TO_32_BIT_CONVERSION = YES;
				GCC_WARN_ABOUT_RETURN_TYPE = YES_ERROR;
				GCC_WARN_UNDECLARED_SELECTOR = YES;
				GCC_WARN_UNINITIALIZED_AUTOS = YES_AGGRESSIVE;
				GCC_WARN_UNUSED_FUNCTION = YES;
				GCC_WARN_UNUSED_VARIABLE = YES;
				LOCALIZATION_PREFERS_STRING_CATALOGS = YES;
				MTL_ENABLE_DEBUG_INFO = INCLUDE_SOURCE;
				MTL_FAST_MATH = YES;
				ONLY_ACTIVE_ARCH = YES;
				SDKROOT = xros;
				SWIFT_ACTIVE_COMPILATION_CONDITIONS = "DEBUG $(inherited)";
				SWIFT_OPTIMIZATION_LEVEL = "-Onone";
				XROS_DEPLOYMENT_TARGET = 1.1;
			};
			name = Debug;
		};
		1F93F33D2BBAF74D00D76596 /* Release */ = {
			isa = XCBuildConfiguration;
			buildSettings = {
				ALWAYS_SEARCH_USER_PATHS = NO;
				ASSETCATALOG_COMPILER_GENERATE_SWIFT_ASSET_SYMBOL_EXTENSIONS = YES;
				CLANG_ANALYZER_NONNULL = YES;
				CLANG_ANALYZER_NUMBER_OBJECT_CONVERSION = YES_AGGRESSIVE;
				CLANG_CXX_LANGUAGE_STANDARD = "gnu++20";
				CLANG_ENABLE_MODULES = YES;
				CLANG_ENABLE_OBJC_ARC = YES;
				CLANG_ENABLE_OBJC_WEAK = YES;
				CLANG_WARN_BLOCK_CAPTURE_AUTORELEASING = YES;
				CLANG_WARN_BOOL_CONVERSION = YES;
				CLANG_WARN_COMMA = YES;
				CLANG_WARN_CONSTANT_CONVERSION = YES;
				CLANG_WARN_DEPRECATED_OBJC_IMPLEMENTATIONS = YES;
				CLANG_WARN_DIRECT_OBJC_ISA_USAGE = YES_ERROR;
				CLANG_WARN_DOCUMENTATION_COMMENTS = YES;
				CLANG_WARN_EMPTY_BODY = YES;
				CLANG_WARN_ENUM_CONVERSION = YES;
				CLANG_WARN_INFINITE_RECURSION = YES;
				CLANG_WARN_INT_CONVERSION = YES;
				CLANG_WARN_NON_LITERAL_NULL_CONVERSION = YES;
				CLANG_WARN_OBJC_IMPLICIT_RETAIN_SELF = YES;
				CLANG_WARN_OBJC_LITERAL_CONVERSION = YES;
				CLANG_WARN_OBJC_ROOT_CLASS = YES_ERROR;
				CLANG_WARN_QUOTED_INCLUDE_IN_FRAMEWORK_HEADER = YES;
				CLANG_WARN_RANGE_LOOP_ANALYSIS = YES;
				CLANG_WARN_STRICT_PROTOTYPES = YES;
				CLANG_WARN_SUSPICIOUS_MOVE = YES;
				CLANG_WARN_UNGUARDED_AVAILABILITY = YES_AGGRESSIVE;
				CLANG_WARN_UNREACHABLE_CODE = YES;
				CLANG_WARN__DUPLICATE_METHOD_MATCH = YES;
				COPY_PHASE_STRIP = NO;
				DEBUG_INFORMATION_FORMAT = "dwarf-with-dsym";
				ENABLE_NS_ASSERTIONS = NO;
				ENABLE_STRICT_OBJC_MSGSEND = YES;
				ENABLE_USER_SCRIPT_SANDBOXING = YES;
				GCC_C_LANGUAGE_STANDARD = gnu17;
				GCC_NO_COMMON_BLOCKS = YES;
				GCC_WARN_64_TO_32_BIT_CONVERSION = YES;
				GCC_WARN_ABOUT_RETURN_TYPE = YES_ERROR;
				GCC_WARN_UNDECLARED_SELECTOR = YES;
				GCC_WARN_UNINITIALIZED_AUTOS = YES_AGGRESSIVE;
				GCC_WARN_UNUSED_FUNCTION = YES;
				GCC_WARN_UNUSED_VARIABLE = YES;
				LOCALIZATION_PREFERS_STRING_CATALOGS = YES;
				MTL_ENABLE_DEBUG_INFO = NO;
				MTL_FAST_MATH = YES;
				SDKROOT = xros;
				SWIFT_COMPILATION_MODE = wholemodule;
				VALIDATE_PRODUCT = YES;
				XROS_DEPLOYMENT_TARGET = 1.1;
			};
			name = Release;
		};
		1F93F33F2BBAF74D00D76596 /* Debug */ = {
			isa = XCBuildConfiguration;
			buildSettings = {
				ASSETCATALOG_COMPILER_APPICON_NAME = AppIcon;
				ASSETCATALOG_COMPILER_GLOBAL_ACCENT_COLOR_NAME = AccentColor;
				CODE_SIGN_STYLE = Automatic;
				CURRENT_PROJECT_VERSION = 1;
				DEVELOPMENT_ASSET_PATHS = "\"MyFirstECS/Preview Content\"";
				DEVELOPMENT_TEAM = 2BQHEV6DNR;
				ENABLE_PREVIEWS = YES;
				GENERATE_INFOPLIST_FILE = YES;
				INFOPLIST_FILE = "$(TARGET_NAME)/Info.plist";
				LD_RUNPATH_SEARCH_PATHS = (
					"$(inherited)",
					"@executable_path/Frameworks",
				);
				MARKETING_VERSION = 1.0;
				PRODUCT_BUNDLE_IDENTIFIER = com.danilocampos.MyFirstECS;
				PRODUCT_NAME = "$(TARGET_NAME)";
				SUPPORTED_PLATFORMS = "xros xrsimulator";
				SWIFT_EMIT_LOC_STRINGS = YES;
				SWIFT_VERSION = 5.0;
				TARGETED_DEVICE_FAMILY = "1,2,7";
			};
			name = Debug;
		};
		1F93F3402BBAF74D00D76596 /* Release */ = {
			isa = XCBuildConfiguration;
			buildSettings = {
				ASSETCATALOG_COMPILER_APPICON_NAME = AppIcon;
				ASSETCATALOG_COMPILER_GLOBAL_ACCENT_COLOR_NAME = AccentColor;
				CODE_SIGN_STYLE = Automatic;
				CURRENT_PROJECT_VERSION = 1;
				DEVELOPMENT_ASSET_PATHS = "\"MyFirstECS/Preview Content\"";
				DEVELOPMENT_TEAM = 2BQHEV6DNR;
				ENABLE_PREVIEWS = YES;
				GENERATE_INFOPLIST_FILE = YES;
				INFOPLIST_FILE = "$(TARGET_NAME)/Info.plist";
				LD_RUNPATH_SEARCH_PATHS = (
					"$(inherited)",
					"@executable_path/Frameworks",
				);
				MARKETING_VERSION = 1.0;
				PRODUCT_BUNDLE_IDENTIFIER = com.danilocampos.MyFirstECS;
				PRODUCT_NAME = "$(TARGET_NAME)";
				SUPPORTED_PLATFORMS = "xros xrsimulator";
				SWIFT_EMIT_LOC_STRINGS = YES;
				SWIFT_VERSION = 5.0;
				TARGETED_DEVICE_FAMILY = "1,2,7";
			};
			name = Release;
		};
		1F93F3422BBAF74D00D76596 /* Debug */ = {
			isa = XCBuildConfiguration;
			buildSettings = {
				ALWAYS_EMBED_SWIFT_STANDARD_LIBRARIES = YES;
				BUNDLE_LOADER = "$(TEST_HOST)";
				CODE_SIGN_STYLE = Automatic;
				CURRENT_PROJECT_VERSION = 1;
				DEVELOPMENT_TEAM = 2BQHEV6DNR;
				GENERATE_INFOPLIST_FILE = YES;
				MARKETING_VERSION = 1.0;
				PRODUCT_BUNDLE_IDENTIFIER = com.danilocampos.MyFirstECSTests;
				PRODUCT_NAME = "$(TARGET_NAME)";
				SUPPORTED_PLATFORMS = "xros xrsimulator";
				SWIFT_EMIT_LOC_STRINGS = NO;
				SWIFT_VERSION = 5.0;
				TARGETED_DEVICE_FAMILY = "1,2,7";
				TEST_HOST = "$(BUILT_PRODUCTS_DIR)/MyFirstECS.app/$(BUNDLE_EXECUTABLE_FOLDER_PATH)/MyFirstECS";
				XROS_DEPLOYMENT_TARGET = 1.1;
			};
			name = Debug;
		};
		1F93F3432BBAF74D00D76596 /* Release */ = {
			isa = XCBuildConfiguration;
			buildSettings = {
				ALWAYS_EMBED_SWIFT_STANDARD_LIBRARIES = YES;
				BUNDLE_LOADER = "$(TEST_HOST)";
				CODE_SIGN_STYLE = Automatic;
				CURRENT_PROJECT_VERSION = 1;
				DEVELOPMENT_TEAM = 2BQHEV6DNR;
				GENERATE_INFOPLIST_FILE = YES;
				MARKETING_VERSION = 1.0;
				PRODUCT_BUNDLE_IDENTIFIER = com.danilocampos.MyFirstECSTests;
				PRODUCT_NAME = "$(TARGET_NAME)";
				SUPPORTED_PLATFORMS = "xros xrsimulator";
				SWIFT_EMIT_LOC_STRINGS = NO;
				SWIFT_VERSION = 5.0;
				TARGETED_DEVICE_FAMILY = "1,2,7";
				TEST_HOST = "$(BUILT_PRODUCTS_DIR)/MyFirstECS.app/$(BUNDLE_EXECUTABLE_FOLDER_PATH)/MyFirstECS";
				XROS_DEPLOYMENT_TARGET = 1.1;
			};
			name = Release;
		};
/* End XCBuildConfiguration section */

/* Begin XCConfigurationList section */
		1F93F31C2BBAF74B00D76596 /* Build configuration list for PBXProject "MyFirstECS" */ = {
			isa = XCConfigurationList;
			buildConfigurations = (
				1F93F33C2BBAF74D00D76596 /* Debug */,
				1F93F33D2BBAF74D00D76596 /* Release */,
			);
			defaultConfigurationIsVisible = 0;
			defaultConfigurationName = Release;
		};
		1F93F33E2BBAF74D00D76596 /* Build configuration list for PBXNativeTarget "MyFirstECS" */ = {
			isa = XCConfigurationList;
			buildConfigurations = (
				1F93F33F2BBAF74D00D76596 /* Debug */,
				1F93F3402BBAF74D00D76596 /* Release */,
			);
			defaultConfigurationIsVisible = 0;
			defaultConfigurationName = Release;
		};
		1F93F3412BBAF74D00D76596 /* Build configuration list for PBXNativeTarget "MyFirstECSTests" */ = {
			isa = XCConfigurationList;
			buildConfigurations = (
				1F93F3422BBAF74D00D76596 /* Debug */,
				1F93F3432BBAF74D00D76596 /* Release */,
			);
			defaultConfigurationIsVisible = 0;
			defaultConfigurationName = Release;
		};
/* End XCConfigurationList section */

/* Begin XCSwiftPackageProductDependency section */
		1F93F3262BBAF74B00D76596 /* RealityKitContent */ = {
			isa = XCSwiftPackageProductDependency;
			productName = RealityKitContent;
		};
/* End XCSwiftPackageProductDependency section */
	};
	rootObject = 1F93F3192BBAF74B00D76596 /* Project object */;
}
